
Microsoft Visual Studio Solution File, Format Version 12.00
# Visual Studio Version 17
VisualStudioVersion = 17.0.32112.339
MinimumVisualStudioVersion = 10.0.40219.1
Project("{8BC9CEB8-8B4A-11D0-8D11-00A0C91BC942}") = "MyGame", "MyGame\MyGame.vcxproj", "{AB865756-EC60-43D6-8CC4-34C3F9A8090F}"
EndProject
Project("{8BC9CEB8-8B4A-11D0-8D11-00A0C91BC942}") = "WindWheelReal", "WindWheelReal\WindWheelReal.vcxproj", "{51798576-877F-491B-B1B0-FB81AF1BA821}"
EndProject
Project("{8BC9CEB8-8B4A-11D0-8D11-00A0C91BC942}") = "glfw", "glfw\Build\src\glfw.vcxproj", "{AD2DBCD5-0DF9-3826-801E-A8F0EF02AEB8}"
EndProject
Project("{8BC9CEB8-8B4A-11D0-8D11-00A0C91BC942}") = "glad", "glad\glad.vcxproj", "{A68BCEA9-0A8F-48C4-8B62-3ED86BF08ACA}"
EndProject
Project("{8BC9CEB8-8B4A-11D0-8D11-00A0C91BC942}") = "stbi", "stbi\stbi.vcxproj", "{55DC4D6E-5DB3-4AE0-994E-A4E3E6271DA4}"
EndProject
Global
	GlobalSection(SolutionConfigurationPlatforms) = preSolution
		Debug|x64 = Debug|x64
		MinSizeRel|x64 = MinSizeRel|x64
		Release|x64 = Release|x64
		RelWithDebInfo|x64 = RelWithDebInfo|x64
	EndGlobalSection
	GlobalSection(ProjectConfigurationPlatforms) = postSolution
		{AB865756-EC60-43D6-8CC4-34C3F9A8090F}.Debug|x64.ActiveCfg = Debug|x64
		{AB865756-EC60-43D6-8CC4-34C3F9A8090F}.Debug|x64.Build.0 = Debug|x64
		{AB865756-EC60-43D6-8CC4-34C3F9A8090F}.MinSizeRel|x64.ActiveCfg = Release|x64
		{AB865756-EC60-43D6-8CC4-34C3F9A8090F}.MinSizeRel|x64.Build.0 = Release|x64
		{AB865756-EC60-43D6-8CC4-34C3F9A8090F}.Release|x64.ActiveCfg = Release|x64
		{AB865756-EC60-43D6-8CC4-34C3F9A8090F}.Release|x64.Build.0 = Release|x64
		{AB865756-EC60-43D6-8CC4-34C3F9A8090F}.RelWithDebInfo|x64.ActiveCfg = Release|x64
		{AB865756-EC60-43D6-8CC4-34C3F9A8090F}.RelWithDebInfo|x64.Build.0 = Release|x64
		{51798576-877F-491B-B1B0-FB81AF1BA821}.Debug|x64.ActiveCfg = Debug|x64
		{51798576-877F-491B-B1B0-FB81AF1BA821}.Debug|x64.Build.0 = Debug|x64
		{51798576-877F-491B-B1B0-FB81AF1BA821}.MinSizeRel|x64.ActiveCfg = Release|x64
		{51798576-877F-491B-B1B0-FB81AF1BA821}.MinSizeRel|x64.Build.0 = Release|x64
		{51798576-877F-491B-B1B0-FB81AF1BA821}.Release|x64.ActiveCfg = Release|x64
		{51798576-877F-491B-B1B0-FB81AF1BA821}.Release|x64.Build.0 = Release|x64
		{51798576-877F-491B-B1B0-FB81AF1BA821}.RelWithDebInfo|x64.ActiveCfg = Release|x64
		{51798576-877F-491B-B1B0-FB81AF1BA821}.RelWithDebInfo|x64.Build.0 = Release|x64
		{AD2DBCD5-0DF9-3826-801E-A8F0EF02AEB8}.Debug|x64.ActiveCfg = Debug|x64
		{AD2DBCD5-0DF9-3826-801E-A8F0EF02AEB8}.Debug|x64.Build.0 = Debug|x64
		{AD2DBCD5-0DF9-3826-801E-A8F0EF02AEB8}.MinSizeRel|x64.ActiveCfg = MinSizeRel|x64
		{AD2DBCD5-0DF9-3826-801E-A8F0EF02AEB8}.MinSizeRel|x64.Build.0 = MinSizeRel|x64
		{AD2DBCD5-0DF9-3826-801E-A8F0EF02AEB8}.Release|x64.ActiveCfg = Release|x64
		{AD2DBCD5-0DF9-3826-801E-A8F0EF02AEB8}.Release|x64.Build.0 = Release|x64
		{AD2DBCD5-0DF9-3826-801E-A8F0EF02AEB8}.RelWithDebInfo|x64.ActiveCfg = RelWithDebInfo|x64
		{AD2DBCD5-0DF9-3826-801E-A8F0EF02AEB8}.RelWithDebInfo|x64.Build.0 = RelWithDebInfo|x64
		{A68BCEA9-0A8F-48C4-8B62-3ED86BF08ACA}.Debug|x64.ActiveCfg = Debug|x64
		{A68BCEA9-0A8F-48C4-8B62-3ED86BF08ACA}.Debug|x64.Build.0 = Debug|x64
		{A68BCEA9-0A8F-48C4-8B62-3ED86BF08ACA}.MinSizeRel|x64.ActiveCfg = Debug|x64
		{A68BCEA9-0A8F-48C4-8B62-3ED86BF08ACA}.MinSizeRel|x64.Build.0 = Debug|x64
		{A68BCEA9-0A8F-48C4-8B62-3ED86BF08ACA}.Release|x64.ActiveCfg = Release|x64
		{A68BCEA9-0A8F-48C4-8B62-3ED86BF08ACA}.Release|x64.Build.0 = Release|x64
		{A68BCEA9-0A8F-48C4-8B62-3ED86BF08ACA}.RelWithDebInfo|x64.ActiveCfg = Release|x64
		{A68BCEA9-0A8F-48C4-8B62-3ED86BF08ACA}.RelWithDebInfo|x64.Build.0 = Release|x64
		{55DC4D6E-5DB3-4AE0-994E-A4E3E6271DA4}.Debug|x64.ActiveCfg = Debug|x64
		{55DC4D6E-5DB3-4AE0-994E-A4E3E6271DA4}.Debug|x64.Build.0 = Debug|x64
		{55DC4D6E-5DB3-4AE0-994E-A4E3E6271DA4}.MinSizeRel|x64.ActiveCfg = Debug|x64
		{55DC4D6E-5DB3-4AE0-994E-A4E3E6271DA4}.MinSizeRel|x64.Build.0 = Debug|x64
		{55DC4D6E-5DB3-4AE0-994E-A4E3E6271DA4}.Release|x64.ActiveCfg = Release|x64
		{55DC4D6E-5DB3-4AE0-994E-A4E3E6271DA4}.Release|x64.Build.0 = Release|x64
		{55DC4D6E-5DB3-4AE0-994E-A4E3E6271DA4}.RelWithDebInfo|x64.ActiveCfg = Release|x64
		{55DC4D6E-5DB3-4AE0-994E-A4E3E6271DA4}.RelWithDebInfo|x64.Build.0 = Release|x64
	EndGlobalSection
	GlobalSection(SolutionProperties) = preSolution
		HideSolutionNode = FALSE
	EndGlobalSection
	GlobalSection(ExtensibilityGlobals) = postSolution
		SolutionGuid = {95F4D22D-9B2B-4069-B70A-83ECB3B06BF3}
	EndGlobalSection
EndGlobal
