
Microsoft Visual Studio Solution File, Format Version 12.00
# Visual Studio Version 17
VisualStudioVersion = 17.0.32112.339
MinimumVisualStudioVersion = 10.0.40219.1
Project("{8BC9CEB8-8B4A-11D0-8D11-00A0C91BC942}") = "MyGame", "MyGame\MyGame.vcxproj", "{AB865756-EC60-43D6-8CC4-34C3F9A8090F}"
EndProject
Project("{8BC9CEB8-8B4A-11D0-8D11-00A0C91BC942}") = "WindWheelReal", "WindWheelReal\WindWheelReal.vcxproj", "{51798576-877F-491B-B1B0-FB81AF1BA821}"
EndProject
Project("{8BC9CEB8-8B4A-11D0-8D11-00A0C91BC942}") = "glfw", "glfw\Build\src\glfw.vcxproj", "{AD2DBCD5-0DF9-3826-801E-A8F0EF02AEB8}"
EndProject
Global
	GlobalSection(SolutionConfigurationPlatforms) = preSolution
		Debug|x64 = Debug|x64
		Debug|x86 = Debug|x86
		MinSizeRel|x64 = MinSizeRel|x64
		MinSizeRel|x86 = MinSizeRel|x86
		Release|x64 = Release|x64
		Release|x86 = Release|x86
		RelWithDebInfo|x64 = RelWithDebInfo|x64
		RelWithDebInfo|x86 = RelWithDebInfo|x86
	EndGlobalSection
	GlobalSection(ProjectConfigurationPlatforms) = postSolution
		{AB865756-EC60-43D6-8CC4-34C3F9A8090F}.Debug|x64.ActiveCfg = Debug|x64
		{AB865756-EC60-43D6-8CC4-34C3F9A8090F}.Debug|x64.Build.0 = Debug|x64
		{AB865756-EC60-43D6-8CC4-34C3F9A8090F}.Debug|x86.ActiveCfg = Debug|Win32
		{AB865756-EC60-43D6-8CC4-34C3F9A8090F}.Debug|x86.Build.0 = Debug|Win32
		{AB865756-EC60-43D6-8CC4-34C3F9A8090F}.MinSizeRel|x64.ActiveCfg = Release|x64
		{AB865756-EC60-43D6-8CC4-34C3F9A8090F}.MinSizeRel|x64.Build.0 = Release|x64
		{AB865756-EC60-43D6-8CC4-34C3F9A8090F}.MinSizeRel|x86.ActiveCfg = Release|Win32
		{AB865756-EC60-43D6-8CC4-34C3F9A8090F}.MinSizeRel|x86.Build.0 = Release|Win32
		{AB865756-EC60-43D6-8CC4-34C3F9A8090F}.Release|x64.ActiveCfg = Release|x64
		{AB865756-EC60-43D6-8CC4-34C3F9A8090F}.Release|x64.Build.0 = Release|x64
		{AB865756-EC60-43D6-8CC4-34C3F9A8090F}.Release|x86.ActiveCfg = Release|Win32
		{AB865756-EC60-43D6-8CC4-34C3F9A8090F}.Release|x86.Build.0 = Release|Win32
		{AB865756-EC60-43D6-8CC4-34C3F9A8090F}.RelWithDebInfo|x64.ActiveCfg = Release|x64
		{AB865756-EC60-43D6-8CC4-34C3F9A8090F}.RelWithDebInfo|x64.Build.0 = Release|x64
		{AB865756-EC60-43D6-8CC4-34C3F9A8090F}.RelWithDebInfo|x86.ActiveCfg = Release|Win32
		{AB865756-EC60-43D6-8CC4-34C3F9A8090F}.RelWithDebInfo|x86.Build.0 = Release|Win32
		{51798576-877F-491B-B1B0-FB81AF1BA821}.Debug|x64.ActiveCfg = Debug|x64
		{51798576-877F-491B-B1B0-FB81AF1BA821}.Debug|x64.Build.0 = Debug|x64
		{51798576-877F-491B-B1B0-FB81AF1BA821}.Debug|x86.ActiveCfg = Debug|Win32
		{51798576-877F-491B-B1B0-FB81AF1BA821}.Debug|x86.Build.0 = Debug|Win32
		{51798576-877F-491B-B1B0-FB81AF1BA821}.MinSizeRel|x64.ActiveCfg = Release|x64
		{51798576-877F-491B-B1B0-FB81AF1BA821}.MinSizeRel|x64.Build.0 = Release|x64
		{51798576-877F-491B-B1B0-FB81AF1BA821}.MinSizeRel|x86.ActiveCfg = Release|Win32
		{51798576-877F-491B-B1B0-FB81AF1BA821}.MinSizeRel|x86.Build.0 = Release|Win32
		{51798576-877F-491B-B1B0-FB81AF1BA821}.Release|x64.ActiveCfg = Release|x64
		{51798576-877F-491B-B1B0-FB81AF1BA821}.Release|x64.Build.0 = Release|x64
		{51798576-877F-491B-B1B0-FB81AF1BA821}.Release|x86.ActiveCfg = Release|Win32
		{51798576-877F-491B-B1B0-FB81AF1BA821}.Release|x86.Build.0 = Release|Win32
		{51798576-877F-491B-B1B0-FB81AF1BA821}.RelWithDebInfo|x64.ActiveCfg = Release|x64
		{51798576-877F-491B-B1B0-FB81AF1BA821}.RelWithDebInfo|x64.Build.0 = Release|x64
		{51798576-877F-491B-B1B0-FB81AF1BA821}.RelWithDebInfo|x86.ActiveCfg = Release|Win32
		{51798576-877F-491B-B1B0-FB81AF1BA821}.RelWithDebInfo|x86.Build.0 = Release|Win32
		{AD2DBCD5-0DF9-3826-801E-A8F0EF02AEB8}.Debug|x64.ActiveCfg = Debug|x64
		{AD2DBCD5-0DF9-3826-801E-A8F0EF02AEB8}.Debug|x64.Build.0 = Debug|x64
		{AD2DBCD5-0DF9-3826-801E-A8F0EF02AEB8}.Debug|x86.ActiveCfg = Debug|x64
		{AD2DBCD5-0DF9-3826-801E-A8F0EF02AEB8}.Debug|x86.Build.0 = Debug|x64
		{AD2DBCD5-0DF9-3826-801E-A8F0EF02AEB8}.MinSizeRel|x64.ActiveCfg = MinSizeRel|x64
		{AD2DBCD5-0DF9-3826-801E-A8F0EF02AEB8}.MinSizeRel|x64.Build.0 = MinSizeRel|x64
		{AD2DBCD5-0DF9-3826-801E-A8F0EF02AEB8}.MinSizeRel|x86.ActiveCfg = MinSizeRel|x64
		{AD2DBCD5-0DF9-3826-801E-A8F0EF02AEB8}.MinSizeRel|x86.Build.0 = MinSizeRel|x64
		{AD2DBCD5-0DF9-3826-801E-A8F0EF02AEB8}.Release|x64.ActiveCfg = Release|x64
		{AD2DBCD5-0DF9-3826-801E-A8F0EF02AEB8}.Release|x64.Build.0 = Release|x64
		{AD2DBCD5-0DF9-3826-801E-A8F0EF02AEB8}.Release|x86.ActiveCfg = Release|x64
		{AD2DBCD5-0DF9-3826-801E-A8F0EF02AEB8}.Release|x86.Build.0 = Release|x64
		{AD2DBCD5-0DF9-3826-801E-A8F0EF02AEB8}.RelWithDebInfo|x64.ActiveCfg = RelWithDebInfo|x64
		{AD2DBCD5-0DF9-3826-801E-A8F0EF02AEB8}.RelWithDebInfo|x64.Build.0 = RelWithDebInfo|x64
		{AD2DBCD5-0DF9-3826-801E-A8F0EF02AEB8}.RelWithDebInfo|x86.ActiveCfg = RelWithDebInfo|x64
		{AD2DBCD5-0DF9-3826-801E-A8F0EF02AEB8}.RelWithDebInfo|x86.Build.0 = RelWithDebInfo|x64
	EndGlobalSection
	GlobalSection(SolutionProperties) = preSolution
		HideSolutionNode = FALSE
	EndGlobalSection
	GlobalSection(ExtensibilityGlobals) = postSolution
		SolutionGuid = {95F4D22D-9B2B-4069-B70A-83ECB3B06BF3}
	EndGlobalSection
EndGlobal
